{
  "nodes": {
    "nixpkgs": {
      "locked": {
        "lastModified": 1609802371,
        "narHash": "sha256-njz0Z9ykTtI32ADy/XzoJ7wx+K90Y92PYT/c0xt5iPo=",
        "owner": "NixOS",
        "repo": "nixpkgs",
        "rev": "a43963db12774a01af9159981d877bb8326463ca",
        "type": "github"
      },
      "original": {
        "id": "nixpkgs",
        "type": "indirect"
      }
    },
    "root": {
      "inputs": {
        "nixpkgs": "nixpkgs",
        "utils": "utils"
      }
    },
    "utils": {
      "locked": {
        "lastModified": 1609246779,
        "narHash": "sha256-eq6ZXE/VWo3EMC65jmIT6H/rrUc9UWOWVujkzav025k=",
        "owner": "numtide",
        "repo": "flake-utils",
        "rev": "08c7ad4a0844adc4a7f9f5bb3beae482e789afa4",
        "type": "github"
      },
      "original": {
        "owner": "numtide",
        "repo": "flake-utils",
        "type": "github"
      }
    }
  },
  "root": "root",
  "version": 7
}
